
Microsoft Visual Studio Solution File, Format Version 12.00
# Visual Studio Version 17
VisualStudioVersion = 17.9.34723.18
MinimumVisualStudioVersion = 10.0.40219.1
Project("{FAE04EC0-301F-11D3-BF4B-00C04F79EFBC}") = "Miina15", "Miina15.csproj", "{8704B1B4-73D1-49CB-8E65-26367F691619}"
EndProject
Global
	GlobalSection(SolutionConfigurationPlatforms) = preSolution
		Debug|Any CPU = Debug|Any CPU
		Release|Any CPU = Release|Any CPU
	EndGlobalSection
	GlobalSection(ProjectConfigurationPlatforms) = postSolution
		{8704B1B4-73D1-49CB-8E65-26367F691619}.Debug|Any CPU.ActiveCfg = Debug|Any CPU
		{8704B1B4-73D1-49CB-8E65-26367F691619}.Debug|Any CPU.Build.0 = Debug|Any CPU
		{8704B1B4-73D1-49CB-8E65-26367F691619}.Release|Any CPU.ActiveCfg = Release|Any CPU
		{8704B1B4-73D1-49CB-8E65-26367F691619}.Release|Any CPU.Build.0 = Release|Any CPU
	EndGlobalSection
	GlobalSection(SolutionProperties) = preSolution
		HideSolutionNode = FALSE
	EndGlobalSection
	GlobalSection(ExtensibilityGlobals) = postSolution
		SolutionGuid = {AA0A0E99-E02E-4022-99B6-15DA9E3624B6}
	EndGlobalSection
EndGlobal
